
Microsoft Visual Studio Solution File, Format Version 12.00
# Visual Studio Version 16
VisualStudioVersion = 16.0.29905.134
MinimumVisualStudioVersion = 10.0.40219.1
Project("{FAE04EC0-301F-11D3-BF4B-00C04F79EFBC}") = "PracticaHerencia", "PracticaHerencia.csproj", "{95BCD3D6-762E-4486-92B1-D9D8C43880A6}"
EndProject
Global
	GlobalSection(SolutionConfigurationPlatforms) = preSolution
		Debug|Any CPU = Debug|Any CPU
		Release|Any CPU = Release|Any CPU
	EndGlobalSection
	GlobalSection(ProjectConfigurationPlatforms) = postSolution
		{95BCD3D6-762E-4486-92B1-D9D8C43880A6}.Debug|Any CPU.ActiveCfg = Debug|Any CPU
		{95BCD3D6-762E-4486-92B1-D9D8C43880A6}.Debug|Any CPU.Build.0 = Debug|Any CPU
		{95BCD3D6-762E-4486-92B1-D9D8C43880A6}.Release|Any CPU.ActiveCfg = Release|Any CPU
		{95BCD3D6-762E-4486-92B1-D9D8C43880A6}.Release|Any CPU.Build.0 = Release|Any CPU
	EndGlobalSection
	GlobalSection(SolutionProperties) = preSolution
		HideSolutionNode = FALSE
	EndGlobalSection
	GlobalSection(ExtensibilityGlobals) = postSolution
		SolutionGuid = {252CE38C-57F1-43E3-AEC2-71A7F97EF67E}
	EndGlobalSection
EndGlobal
